
Microsoft Visual Studio Solution File, Format Version 12.00
# Visual Studio Version 17
VisualStudioVersion = 17.5.33627.172
MinimumVisualStudioVersion = 10.0.40219.1
Project("{FAE04EC0-301F-11D3-BF4B-00C04F79EFBC}") = "Qura'an", "Qura'an\Qura'an.csproj", "{5706CD99-2CCD-4947-84BE-72DAAFEC6C32}"
EndProject
Global
	GlobalSection(SolutionConfigurationPlatforms) = preSolution
		Debug|Any CPU = Debug|Any CPU
		Release|Any CPU = Release|Any CPU
	EndGlobalSection
	GlobalSection(ProjectConfigurationPlatforms) = postSolution
		{5706CD99-2CCD-4947-84BE-72DAAFEC6C32}.Debug|Any CPU.ActiveCfg = Debug|Any CPU
		{5706CD99-2CCD-4947-84BE-72DAAFEC6C32}.Debug|Any CPU.Build.0 = Debug|Any CPU
		{5706CD99-2CCD-4947-84BE-72DAAFEC6C32}.Release|Any CPU.ActiveCfg = Release|Any CPU
		{5706CD99-2CCD-4947-84BE-72DAAFEC6C32}.Release|Any CPU.Build.0 = Release|Any CPU
	EndGlobalSection
	GlobalSection(SolutionProperties) = preSolution
		HideSolutionNode = FALSE
	EndGlobalSection
	GlobalSection(ExtensibilityGlobals) = postSolution
		SolutionGuid = {EE04031D-99A4-4779-9913-D5011621D8FF}
	EndGlobalSection
EndGlobal
