
Microsoft Visual Studio Solution File, Format Version 12.00
# Visual Studio Version 17
VisualStudioVersion = 17.5.33627.172
MinimumVisualStudioVersion = 10.0.40219.1
Project("{FAE04EC0-301F-11D3-BF4B-00C04F79EFBC}") = "AnasArray", "AnasArray\AnasArray.csproj", "{1E4C685D-2FBB-4D1E-A3B2-D81538E3C772}"
EndProject
Global
	GlobalSection(SolutionConfigurationPlatforms) = preSolution
		Debug|Any CPU = Debug|Any CPU
		Release|Any CPU = Release|Any CPU
	EndGlobalSection
	GlobalSection(ProjectConfigurationPlatforms) = postSolution
		{1E4C685D-2FBB-4D1E-A3B2-D81538E3C772}.Debug|Any CPU.ActiveCfg = Debug|Any CPU
		{1E4C685D-2FBB-4D1E-A3B2-D81538E3C772}.Debug|Any CPU.Build.0 = Debug|Any CPU
		{1E4C685D-2FBB-4D1E-A3B2-D81538E3C772}.Release|Any CPU.ActiveCfg = Release|Any CPU
		{1E4C685D-2FBB-4D1E-A3B2-D81538E3C772}.Release|Any CPU.Build.0 = Release|Any CPU
	EndGlobalSection
	GlobalSection(SolutionProperties) = preSolution
		HideSolutionNode = FALSE
	EndGlobalSection
	GlobalSection(ExtensibilityGlobals) = postSolution
		SolutionGuid = {49D5E160-FB16-4D68-9A3A-B882B3143EF3}
	EndGlobalSection
EndGlobal
