
Microsoft Visual Studio Solution File, Format Version 12.00
# Visual Studio Version 17
VisualStudioVersion = 17.5.33627.172
MinimumVisualStudioVersion = 10.0.40219.1
Project("{FAE04EC0-301F-11D3-BF4B-00C04F79EFBC}") = "Shoping", "Shoping\Shoping.csproj", "{CF54C5BB-27D5-4050-82A3-555C8F18888D}"
EndProject
Global
	GlobalSection(SolutionConfigurationPlatforms) = preSolution
		Debug|Any CPU = Debug|Any CPU
		Release|Any CPU = Release|Any CPU
	EndGlobalSection
	GlobalSection(ProjectConfigurationPlatforms) = postSolution
		{CF54C5BB-27D5-4050-82A3-555C8F18888D}.Debug|Any CPU.ActiveCfg = Debug|Any CPU
		{CF54C5BB-27D5-4050-82A3-555C8F18888D}.Debug|Any CPU.Build.0 = Debug|Any CPU
		{CF54C5BB-27D5-4050-82A3-555C8F18888D}.Release|Any CPU.ActiveCfg = Release|Any CPU
		{CF54C5BB-27D5-4050-82A3-555C8F18888D}.Release|Any CPU.Build.0 = Release|Any CPU
	EndGlobalSection
	GlobalSection(SolutionProperties) = preSolution
		HideSolutionNode = FALSE
	EndGlobalSection
	GlobalSection(ExtensibilityGlobals) = postSolution
		SolutionGuid = {D9717508-BD3C-4448-A370-31BF3589B700}
	EndGlobalSection
EndGlobal
