
Microsoft Visual Studio Solution File, Format Version 12.00
# Visual Studio Version 17
VisualStudioVersion = 17.5.33627.172
MinimumVisualStudioVersion = 10.0.40219.1
Project("{FAE04EC0-301F-11D3-BF4B-00C04F79EFBC}") = "fisrtproject", "fisrtproject\fisrtproject.csproj", "{91DC8E7C-CBEA-4901-BAEB-207AEA0E0FAD}"
EndProject
Project("{FAE04EC0-301F-11D3-BF4B-00C04F79EFBC}") = "firstproject.Core", "firstproject.Core\firstproject.Core.csproj", "{2BB586A1-E076-4B40-A3C8-59BE686CC6C3}"
EndProject
Project("{FAE04EC0-301F-11D3-BF4B-00C04F79EFBC}") = "firstproject.Data", "firstproject.Data\firstproject.Data.csproj", "{862B0D19-F5AA-48C5-B0BB-0F747119701E}"
EndProject
Global
	GlobalSection(SolutionConfigurationPlatforms) = preSolution
		Debug|Any CPU = Debug|Any CPU
		Release|Any CPU = Release|Any CPU
	EndGlobalSection
	GlobalSection(ProjectConfigurationPlatforms) = postSolution
		{91DC8E7C-CBEA-4901-BAEB-207AEA0E0FAD}.Debug|Any CPU.ActiveCfg = Debug|Any CPU
		{91DC8E7C-CBEA-4901-BAEB-207AEA0E0FAD}.Debug|Any CPU.Build.0 = Debug|Any CPU
		{91DC8E7C-CBEA-4901-BAEB-207AEA0E0FAD}.Release|Any CPU.ActiveCfg = Release|Any CPU
		{91DC8E7C-CBEA-4901-BAEB-207AEA0E0FAD}.Release|Any CPU.Build.0 = Release|Any CPU
		{2BB586A1-E076-4B40-A3C8-59BE686CC6C3}.Debug|Any CPU.ActiveCfg = Debug|Any CPU
		{2BB586A1-E076-4B40-A3C8-59BE686CC6C3}.Debug|Any CPU.Build.0 = Debug|Any CPU
		{2BB586A1-E076-4B40-A3C8-59BE686CC6C3}.Release|Any CPU.ActiveCfg = Release|Any CPU
		{2BB586A1-E076-4B40-A3C8-59BE686CC6C3}.Release|Any CPU.Build.0 = Release|Any CPU
		{862B0D19-F5AA-48C5-B0BB-0F747119701E}.Debug|Any CPU.ActiveCfg = Debug|Any CPU
		{862B0D19-F5AA-48C5-B0BB-0F747119701E}.Debug|Any CPU.Build.0 = Debug|Any CPU
		{862B0D19-F5AA-48C5-B0BB-0F747119701E}.Release|Any CPU.ActiveCfg = Release|Any CPU
		{862B0D19-F5AA-48C5-B0BB-0F747119701E}.Release|Any CPU.Build.0 = Release|Any CPU
	EndGlobalSection
	GlobalSection(SolutionProperties) = preSolution
		HideSolutionNode = FALSE
	EndGlobalSection
	GlobalSection(ExtensibilityGlobals) = postSolution
		SolutionGuid = {F3D60379-B7EE-4293-9D7F-57A39C3596C3}
	EndGlobalSection
EndGlobal
