
Microsoft Visual Studio Solution File, Format Version 12.00
# Visual Studio Version 17
VisualStudioVersion = 17.10.34902.84
MinimumVisualStudioVersion = 10.0.40219.1
Project("{FAE04EC0-301F-11D3-BF4B-00C04F79EFBC}") = "BookStore", "BookStore\BookStore.csproj", "{439FF48E-95FA-4086-AA73-18BB1E0FEFD3}"
EndProject
Global
	GlobalSection(SolutionConfigurationPlatforms) = preSolution
		Debug|Any CPU = Debug|Any CPU
		Release|Any CPU = Release|Any CPU
	EndGlobalSection
	GlobalSection(ProjectConfigurationPlatforms) = postSolution
		{439FF48E-95FA-4086-AA73-18BB1E0FEFD3}.Debug|Any CPU.ActiveCfg = Debug|Any CPU
		{439FF48E-95FA-4086-AA73-18BB1E0FEFD3}.Debug|Any CPU.Build.0 = Debug|Any CPU
		{439FF48E-95FA-4086-AA73-18BB1E0FEFD3}.Release|Any CPU.ActiveCfg = Release|Any CPU
		{439FF48E-95FA-4086-AA73-18BB1E0FEFD3}.Release|Any CPU.Build.0 = Release|Any CPU
	EndGlobalSection
	GlobalSection(SolutionProperties) = preSolution
		HideSolutionNode = FALSE
	EndGlobalSection
	GlobalSection(ExtensibilityGlobals) = postSolution
		SolutionGuid = {02F24ECC-7755-4349-9E5C-6DD21AC73925}
	EndGlobalSection
EndGlobal
