
Microsoft Visual Studio Solution File, Format Version 12.00
# Visual Studio Version 17
VisualStudioVersion = 17.5.33627.172
MinimumVisualStudioVersion = 10.0.40219.1
Project("{FAE04EC0-301F-11D3-BF4B-00C04F79EFBC}") = "MobileAdvice", "MobileAdvice\MobileAdvice.csproj", "{059A2613-9EDE-4615-ACE2-6A86E7959039}"
EndProject
Global
	GlobalSection(SolutionConfigurationPlatforms) = preSolution
		Debug|Any CPU = Debug|Any CPU
		Release|Any CPU = Release|Any CPU
	EndGlobalSection
	GlobalSection(ProjectConfigurationPlatforms) = postSolution
		{059A2613-9EDE-4615-ACE2-6A86E7959039}.Debug|Any CPU.ActiveCfg = Debug|Any CPU
		{059A2613-9EDE-4615-ACE2-6A86E7959039}.Debug|Any CPU.Build.0 = Debug|Any CPU
		{059A2613-9EDE-4615-ACE2-6A86E7959039}.Release|Any CPU.ActiveCfg = Release|Any CPU
		{059A2613-9EDE-4615-ACE2-6A86E7959039}.Release|Any CPU.Build.0 = Release|Any CPU
	EndGlobalSection
	GlobalSection(SolutionProperties) = preSolution
		HideSolutionNode = FALSE
	EndGlobalSection
	GlobalSection(ExtensibilityGlobals) = postSolution
		SolutionGuid = {2E158387-5BF9-43A4-8650-64333D6483C4}
	EndGlobalSection
EndGlobal
