
Microsoft Visual Studio Solution File, Format Version 12.00
# Visual Studio Version 17
VisualStudioVersion = 17.7.34031.279
MinimumVisualStudioVersion = 10.0.40219.1
Project("{FAE04EC0-301F-11D3-BF4B-00C04F79EFBC}") = "Calisma_sorulari", "Calisma_sorulari\Calisma_sorulari.csproj", "{45E0A677-BC23-47BA-8E76-5C404431005F}"
EndProject
Global
	GlobalSection(SolutionConfigurationPlatforms) = preSolution
		Debug|Any CPU = Debug|Any CPU
		Release|Any CPU = Release|Any CPU
	EndGlobalSection
	GlobalSection(ProjectConfigurationPlatforms) = postSolution
		{45E0A677-BC23-47BA-8E76-5C404431005F}.Debug|Any CPU.ActiveCfg = Debug|Any CPU
		{45E0A677-BC23-47BA-8E76-5C404431005F}.Debug|Any CPU.Build.0 = Debug|Any CPU
		{45E0A677-BC23-47BA-8E76-5C404431005F}.Release|Any CPU.ActiveCfg = Release|Any CPU
		{45E0A677-BC23-47BA-8E76-5C404431005F}.Release|Any CPU.Build.0 = Release|Any CPU
	EndGlobalSection
	GlobalSection(SolutionProperties) = preSolution
		HideSolutionNode = FALSE
	EndGlobalSection
	GlobalSection(ExtensibilityGlobals) = postSolution
		SolutionGuid = {CE505E11-1221-458F-BB89-8B24D9B6A6AB}
	EndGlobalSection
EndGlobal
