
Microsoft Visual Studio Solution File, Format Version 12.00
# Visual Studio Version 17
VisualStudioVersion = 17.5.33627.172
MinimumVisualStudioVersion = 10.0.40219.1
Project("{FAE04EC0-301F-11D3-BF4B-00C04F79EFBC}") = "StackTest", "StackTest\StackTest.csproj", "{DBCD1CCB-F4E6-4CB6-A871-EA2FE8F23483}"
EndProject
Global
	GlobalSection(SolutionConfigurationPlatforms) = preSolution
		Debug|Any CPU = Debug|Any CPU
		Release|Any CPU = Release|Any CPU
	EndGlobalSection
	GlobalSection(ProjectConfigurationPlatforms) = postSolution
		{DBCD1CCB-F4E6-4CB6-A871-EA2FE8F23483}.Debug|Any CPU.ActiveCfg = Debug|Any CPU
		{DBCD1CCB-F4E6-4CB6-A871-EA2FE8F23483}.Debug|Any CPU.Build.0 = Debug|Any CPU
		{DBCD1CCB-F4E6-4CB6-A871-EA2FE8F23483}.Release|Any CPU.ActiveCfg = Release|Any CPU
		{DBCD1CCB-F4E6-4CB6-A871-EA2FE8F23483}.Release|Any CPU.Build.0 = Release|Any CPU
	EndGlobalSection
	GlobalSection(SolutionProperties) = preSolution
		HideSolutionNode = FALSE
	EndGlobalSection
	GlobalSection(ExtensibilityGlobals) = postSolution
		SolutionGuid = {92F9D6F9-2FF6-4A06-941A-0973B2EA874D}
	EndGlobalSection
EndGlobal
