
Microsoft Visual Studio Solution File, Format Version 12.00
# Visual Studio Version 17
VisualStudioVersion = 17.8.34525.116
MinimumVisualStudioVersion = 10.0.40219.1
Project("{FAE04EC0-301F-11D3-BF4B-00C04F79EFBC}") = "Products", "Products\Products.csproj", "{26C36D00-B752-42F6-9771-9AB3C41160CC}"
EndProject
Global
	GlobalSection(SolutionConfigurationPlatforms) = preSolution
		Debug|Any CPU = Debug|Any CPU
		Release|Any CPU = Release|Any CPU
	EndGlobalSection
	GlobalSection(ProjectConfigurationPlatforms) = postSolution
		{26C36D00-B752-42F6-9771-9AB3C41160CC}.Debug|Any CPU.ActiveCfg = Debug|Any CPU
		{26C36D00-B752-42F6-9771-9AB3C41160CC}.Debug|Any CPU.Build.0 = Debug|Any CPU
		{26C36D00-B752-42F6-9771-9AB3C41160CC}.Release|Any CPU.ActiveCfg = Release|Any CPU
		{26C36D00-B752-42F6-9771-9AB3C41160CC}.Release|Any CPU.Build.0 = Release|Any CPU
	EndGlobalSection
	GlobalSection(SolutionProperties) = preSolution
		HideSolutionNode = FALSE
	EndGlobalSection
	GlobalSection(ExtensibilityGlobals) = postSolution
		SolutionGuid = {CE670BD3-8816-46A2-909D-012CC2EB2F87}
	EndGlobalSection
EndGlobal
