
Microsoft Visual Studio Solution File, Format Version 12.00
# Visual Studio Version 17
VisualStudioVersion = 17.8.34525.116
MinimumVisualStudioVersion = 10.0.40219.1
Project("{FAE04EC0-301F-11D3-BF4B-00C04F79EFBC}") = "CodewarsExamples", "CodewarsExamples\CodewarsExamples.csproj", "{0447902A-B978-413B-9284-CC6BE50F2520}"
EndProject
Global
	GlobalSection(SolutionConfigurationPlatforms) = preSolution
		Debug|Any CPU = Debug|Any CPU
		Release|Any CPU = Release|Any CPU
	EndGlobalSection
	GlobalSection(ProjectConfigurationPlatforms) = postSolution
		{0447902A-B978-413B-9284-CC6BE50F2520}.Debug|Any CPU.ActiveCfg = Debug|Any CPU
		{0447902A-B978-413B-9284-CC6BE50F2520}.Debug|Any CPU.Build.0 = Debug|Any CPU
		{0447902A-B978-413B-9284-CC6BE50F2520}.Release|Any CPU.ActiveCfg = Release|Any CPU
		{0447902A-B978-413B-9284-CC6BE50F2520}.Release|Any CPU.Build.0 = Release|Any CPU
	EndGlobalSection
	GlobalSection(SolutionProperties) = preSolution
		HideSolutionNode = FALSE
	EndGlobalSection
	GlobalSection(ExtensibilityGlobals) = postSolution
		SolutionGuid = {C7217E9B-8D63-4AFA-9BDE-4F479327A32D}
	EndGlobalSection
EndGlobal
