
Microsoft Visual Studio Solution File, Format Version 12.00
# Visual Studio Version 17
VisualStudioVersion = 17.8.34525.116
MinimumVisualStudioVersion = 10.0.40219.1
Project("{FAE04EC0-301F-11D3-BF4B-00C04F79EFBC}") = "EntityControllerTest", "EntityControllerTest\EntityControllerTest.csproj", "{97B47123-14D9-4A50-AC5A-7188E79EA38B}"
EndProject
Global
	GlobalSection(SolutionConfigurationPlatforms) = preSolution
		Debug|Any CPU = Debug|Any CPU
		Release|Any CPU = Release|Any CPU
	EndGlobalSection
	GlobalSection(ProjectConfigurationPlatforms) = postSolution
		{97B47123-14D9-4A50-AC5A-7188E79EA38B}.Debug|Any CPU.ActiveCfg = Debug|Any CPU
		{97B47123-14D9-4A50-AC5A-7188E79EA38B}.Debug|Any CPU.Build.0 = Debug|Any CPU
		{97B47123-14D9-4A50-AC5A-7188E79EA38B}.Release|Any CPU.ActiveCfg = Release|Any CPU
		{97B47123-14D9-4A50-AC5A-7188E79EA38B}.Release|Any CPU.Build.0 = Release|Any CPU
	EndGlobalSection
	GlobalSection(SolutionProperties) = preSolution
		HideSolutionNode = FALSE
	EndGlobalSection
	GlobalSection(ExtensibilityGlobals) = postSolution
		SolutionGuid = {B9050050-D19C-44A3-BD73-31A452C770FA}
	EndGlobalSection
EndGlobal
